// !$*UTF8*$!
{
	archiveVersion = 1;
	classes = {
	};
	objectVersion = 56;
	objects = {

/* Begin PBXBuildFile section */
		A27A019F2A1D62E5003458FB /* BoletosView.swift in Sources */ = {isa = PBXBuildFile; fileRef = A27A019E2A1D62E5003458FB /* BoletosView.swift */; };
		A2895DED2A0ABB3B00A02D2B /* MovieCollectionViewCell.swift in Sources */ = {isa = PBXBuildFile; fileRef = A2895DEC2A0ABB3B00A02D2B /* MovieCollectionViewCell.swift */; };
		A29CFD022A0EA66F000259A3 /* DetalleVC.swift in Sources */ = {isa = PBXBuildFile; fileRef = A29CFD012A0EA66F000259A3 /* DetalleVC.swift */; };
		A29EB6E12A0AB473003A205D /* AppDelegate.swift in Sources */ = {isa = PBXBuildFile; fileRef = A29EB6E02A0AB473003A205D /* AppDelegate.swift */; };
		A29EB6E32A0AB473003A205D /* SceneDelegate.swift in Sources */ = {isa = PBXBuildFile; fileRef = A29EB6E22A0AB473003A205D /* SceneDelegate.swift */; };
		A29EB6E52A0AB473003A205D /* ViewController.swift in Sources */ = {isa = PBXBuildFile; fileRef = A29EB6E42A0AB473003A205D /* ViewController.swift */; };
		A29EB6E82A0AB473003A205D /* Main.storyboard in Resources */ = {isa = PBXBuildFile; fileRef = A29EB6E62A0AB473003A205D /* Main.storyboard */; };
		A29EB6EA2A0AB474003A205D /* Assets.xcassets in Resources */ = {isa = PBXBuildFile; fileRef = A29EB6E92A0AB474003A205D /* Assets.xcassets */; };
		A29EB6ED2A0AB474003A205D /* LaunchScreen.storyboard in Resources */ = {isa = PBXBuildFile; fileRef = A29EB6EB2A0AB474003A205D /* LaunchScreen.storyboard */; };
		A29EB6F52A0AB49C003A205D /* Movie.swift in Sources */ = {isa = PBXBuildFile; fileRef = A29EB6F42A0AB49C003A205D /* Movie.swift */; };
		A32251382A14398600B05538 /* MovieFeed.swift in Sources */ = {isa = PBXBuildFile; fileRef = A32251372A14398600B05538 /* MovieFeed.swift */; };
/* End PBXBuildFile section */

/* Begin PBXFileReference section */
		A27A019E2A1D62E5003458FB /* BoletosView.swift */ = {isa = PBXFileReference; lastKnownFileType = sourcecode.swift; path = BoletosView.swift; sourceTree = "<group>"; };
		A2895DEC2A0ABB3B00A02D2B /* MovieCollectionViewCell.swift */ = {isa = PBXFileReference; lastKnownFileType = sourcecode.swift; path = MovieCollectionViewCell.swift; sourceTree = "<group>"; };
		A29CFD012A0EA66F000259A3 /* DetalleVC.swift */ = {isa = PBXFileReference; lastKnownFileType = sourcecode.swift; path = DetalleVC.swift; sourceTree = "<group>"; };
		A29EB6DD2A0AB473003A205D /* Cinevol2.app */ = {isa = PBXFileReference; explicitFileType = wrapper.application; includeInIndex = 0; path = Cinevol2.app; sourceTree = BUILT_PRODUCTS_DIR; };
		A29EB6E02A0AB473003A205D /* AppDelegate.swift */ = {isa = PBXFileReference; lastKnownFileType = sourcecode.swift; path = AppDelegate.swift; sourceTree = "<group>"; };
		A29EB6E22A0AB473003A205D /* SceneDelegate.swift */ = {isa = PBXFileReference; lastKnownFileType = sourcecode.swift; path = SceneDelegate.swift; sourceTree = "<group>"; };
		A29EB6E42A0AB473003A205D /* ViewController.swift */ = {isa = PBXFileReference; lastKnownFileType = sourcecode.swift; path = ViewController.swift; sourceTree = "<group>"; };
		A29EB6E72A0AB473003A205D /* Base */ = {isa = PBXFileReference; lastKnownFileType = file.storyboard; name = Base; path = Base.lproj/Main.storyboard; sourceTree = "<group>"; };
		A29EB6E92A0AB474003A205D /* Assets.xcassets */ = {isa = PBXFileReference; lastKnownFileType = folder.assetcatalog; path = Assets.xcassets; sourceTree = "<group>"; };
		A29EB6EC2A0AB474003A205D /* Base */ = {isa = PBXFileReference; lastKnownFileType = file.storyboard; name = Base; path = Base.lproj/LaunchScreen.storyboard; sourceTree = "<group>"; };
		A29EB6EE2A0AB474003A205D /* Info.plist */ = {isa = PBXFileReference; lastKnownFileType = text.plist.xml; path = Info.plist; sourceTree = "<group>"; };
		A29EB6F42A0AB49C003A205D /* Movie.swift */ = {isa = PBXFileReference; lastKnownFileType = sourcecode.swift; path = Movie.swift; sourceTree = "<group>"; };
		A32251372A14398600B05538 /* MovieFeed.swift */ = {isa = PBXFileReference; lastKnownFileType = sourcecode.swift; path = MovieFeed.swift; sourceTree = "<group>"; };
/* End PBXFileReference section */

/* Begin PBXFrameworksBuildPhase section */
		A29EB6DA2A0AB473003A205D /* Frameworks */ = {
			isa = PBXFrameworksBuildPhase;
			buildActionMask = 2147483647;
			files = (
			);
			runOnlyForDeploymentPostprocessing = 0;
		};
/* End PBXFrameworksBuildPhase section */

/* Begin PBXGroup section */
		A29EB6D42A0AB473003A205D = {
			isa = PBXGroup;
			children = (
				A29EB6DF2A0AB473003A205D /* Cinevol2 */,
				A29EB6DE2A0AB473003A205D /* Products */,
			);
			sourceTree = "<group>";
		};
		A29EB6DE2A0AB473003A205D /* Products */ = {
			isa = PBXGroup;
			children = (
				A29EB6DD2A0AB473003A205D /* Cinevol2.app */,
			);
			name = Products;
			sourceTree = "<group>";
		};
		A29EB6DF2A0AB473003A205D /* Cinevol2 */ = {
			isa = PBXGroup;
			children = (
				A29EB6E02A0AB473003A205D /* AppDelegate.swift */,
				A29EB6E22A0AB473003A205D /* SceneDelegate.swift */,
				A29EB6E42A0AB473003A205D /* ViewController.swift */,
				A29EB6E62A0AB473003A205D /* Main.storyboard */,
				A29EB6E92A0AB474003A205D /* Assets.xcassets */,
				A29EB6EB2A0AB474003A205D /* LaunchScreen.storyboard */,
				A29EB6EE2A0AB474003A205D /* Info.plist */,
				A32251372A14398600B05538 /* MovieFeed.swift */,
				A29EB6F42A0AB49C003A205D /* Movie.swift */,
				A2895DEC2A0ABB3B00A02D2B /* MovieCollectionViewCell.swift */,
				A29CFD012A0EA66F000259A3 /* DetalleVC.swift */,
				A27A019E2A1D62E5003458FB /* BoletosView.swift */,
			);
			path = Cinevol2;
			sourceTree = "<group>";
		};
/* End PBXGroup section */

/* Begin PBXNativeTarget section */
		A29EB6DC2A0AB473003A205D /* Cinevol2 */ = {
			isa = PBXNativeTarget;
			buildConfigurationList = A29EB6F12A0AB474003A205D /* Build configuration list for PBXNativeTarget "Cinevol2" */;
			buildPhases = (
				A29EB6D92A0AB473003A205D /* Sources */,
				A29EB6DA2A0AB473003A205D /* Frameworks */,
				A29EB6DB2A0AB473003A205D /* Resources */,
			);
			buildRules = (
			);
			dependencies = (
			);
			name = Cinevol2;
			productName = Cinevol2;
			productReference = A29EB6DD2A0AB473003A205D /* Cinevol2.app */;
			productType = "com.apple.product-type.application";
		};
/* End PBXNativeTarget section */

/* Begin PBXProject section */
		A29EB6D52A0AB473003A205D /* Project object */ = {
			isa = PBXProject;
			attributes = {
				BuildIndependentTargetsInParallel = 1;
				LastSwiftUpdateCheck = 1430;
				LastUpgradeCheck = 1430;
				TargetAttributes = {
					A29EB6DC2A0AB473003A205D = {
						CreatedOnToolsVersion = 14.3;
					};
				};
			};
			buildConfigurationList = A29EB6D82A0AB473003A205D /* Build configuration list for PBXProject "Cinevol2" */;
			compatibilityVersion = "Xcode 14.0";
			developmentRegion = en;
			hasScannedForEncodings = 0;
			knownRegions = (
				en,
				Base,
			);
			mainGroup = A29EB6D42A0AB473003A205D;
			productRefGroup = A29EB6DE2A0AB473003A205D /* Products */;
			projectDirPath = "";
			projectRoot = "";
			targets = (
				A29EB6DC2A0AB473003A205D /* Cinevol2 */,
			);
		};
/* End PBXProject section */

/* Begin PBXResourcesBuildPhase section */
		A29EB6DB2A0AB473003A205D /* Resources */ = {
			isa = PBXResourcesBuildPhase;
			buildActionMask = 2147483647;
			files = (
				A29EB6ED2A0AB474003A205D /* LaunchScreen.storyboard in Resources */,
				A29EB6EA2A0AB474003A205D /* Assets.xcassets in Resources */,
				A29EB6E82A0AB473003A205D /* Main.storyboard in Resources */,
			);
			runOnlyForDeploymentPostprocessing = 0;
		};
/* End PBXResourcesBuildPhase section */

/* Begin PBXSourcesBuildPhase section */
		A29EB6D92A0AB473003A205D /* Sources */ = {
			isa = PBXSourcesBuildPhase;
			buildActionMask = 2147483647;
			files = (
				A29EB6E52A0AB473003A205D /* ViewController.swift in Sources */,
				A29EB6E12A0AB473003A205D /* AppDelegate.swift in Sources */,
				A32251382A14398600B05538 /* MovieFeed.swift in Sources */,
				A2895DED2A0ABB3B00A02D2B /* MovieCollectionViewCell.swift in Sources */,
				A29EB6F52A0AB49C003A205D /* Movie.swift in Sources */,
				A29CFD022A0EA66F000259A3 /* DetalleVC.swift in Sources */,
				A27A019F2A1D62E5003458FB /* BoletosView.swift in Sources */,
				A29EB6E32A0AB473003A205D /* SceneDelegate.swift in Sources */,
			);
			runOnlyForDeploymentPostprocessing = 0;
		};
/* End PBXSourcesBuildPhase section */

/* Begin PBXVariantGroup section */
		A29EB6E62A0AB473003A205D /* Main.storyboard */ = {
			isa = PBXVariantGroup;
			children = (
				A29EB6E72A0AB473003A205D /* Base */,
			);
			name = Main.storyboard;
			sourceTree = "<group>";
		};
		A29EB6EB2A0AB474003A205D /* LaunchScreen.storyboard */ = {
			isa = PBXVariantGroup;
			children = (
				A29EB6EC2A0AB474003A205D /* Base */,
			);
			name = LaunchScreen.storyboard;
			sourceTree = "<group>";
		};
/* End PBXVariantGroup section */

/* Begin XCBuildConfiguration section */
		A29EB6EF2A0AB474003A205D /* Debug */ = {
			isa = XCBuildConfiguration;
			buildSettings = {
				ALWAYS_SEARCH_USER_PATHS = NO;
				CLANG_ANALYZER_NONNULL = YES;
				CLANG_ANALYZER_NUMBER_OBJECT_CONVERSION = YES_AGGRESSIVE;
				CLANG_CXX_LANGUAGE_STANDARD = "gnu++20";
				CLANG_ENABLE_MODULES = YES;
				CLANG_ENABLE_OBJC_ARC = YES;
				CLANG_ENABLE_OBJC_WEAK = YES;
				CLANG_WARN_BLOCK_CAPTURE_AUTORELEASING = YES;
				CLANG_WARN_BOOL_CONVERSION = YES;
				CLANG_WARN_COMMA = YES;
				CLANG_WARN_CONSTANT_CONVERSION = YES;
				CLANG_WARN_DEPRECATED_OBJC_IMPLEMENTATIONS = YES;
				CLANG_WARN_DIRECT_OBJC_ISA_USAGE = YES_ERROR;
				CLANG_WARN_DOCUMENTATION_COMMENTS = YES;
				CLANG_WARN_EMPTY_BODY = YES;
				CLANG_WARN_ENUM_CONVERSION = YES;
				CLANG_WARN_INFINITE_RECURSION = YES;
				CLANG_WARN_INT_CONVERSION = YES;
				CLANG_WARN_NON_LITERAL_NULL_CONVERSION = YES;
				CLANG_WARN_OBJC_IMPLICIT_RETAIN_SELF = YES;
				CLANG_WARN_OBJC_LITERAL_CONVERSION = YES;
				CLANG_WARN_OBJC_ROOT_CLASS = YES_ERROR;
				CLANG_WARN_QUOTED_INCLUDE_IN_FRAMEWORK_HEADER = YES;
				CLANG_WARN_RANGE_LOOP_ANALYSIS = YES;
				CLANG_WARN_STRICT_PROTOTYPES = YES;
				CLANG_WARN_SUSPICIOUS_MOVE = YES;
				CLANG_WARN_UNGUARDED_AVAILABILITY = YES_AGGRESSIVE;
				CLANG_WARN_UNREACHABLE_CODE = YES;
				CLANG_WARN__DUPLICATE_METHOD_MATCH = YES;
				COPY_PHASE_STRIP = NO;
				DEBUG_INFORMATION_FORMAT = dwarf;
				ENABLE_STRICT_OBJC_MSGSEND = YES;
				ENABLE_TESTABILITY = YES;
				GCC_C_LANGUAGE_STANDARD = gnu11;
				GCC_DYNAMIC_NO_PIC = NO;
				GCC_NO_COMMON_BLOCKS = YES;
				GCC_OPTIMIZATION_LEVEL = 0;
				GCC_PREPROCESSOR_DEFINITIONS = (
					"DEBUG=1",
					"$(inherited)",
				);
				GCC_WARN_64_TO_32_BIT_CONVERSION = YES;
				GCC_WARN_ABOUT_RETURN_TYPE = YES_ERROR;
				GCC_WARN_UNDECLARED_SELECTOR = YES;
				GCC_WARN_UNINITIALIZED_AUTOS = YES_AGGRESSIVE;
				GCC_WARN_UNUSED_FUNCTION = YES;
				GCC_WARN_UNUSED_VARIABLE = YES;
				IPHONEOS_DEPLOYMENT_TARGET = 16.4;
				MTL_ENABLE_DEBUG_INFO = INCLUDE_SOURCE;
				MTL_FAST_MATH = YES;
				ONLY_ACTIVE_ARCH = YES;
				SDKROOT = iphoneos;
				SWIFT_ACTIVE_COMPILATION_CONDITIONS = DEBUG;
				SWIFT_OPTIMIZATION_LEVEL = "-Onone";
			};
			name = Debug;
		};
		A29EB6F02A0AB474003A205D /* Release */ = {
			isa = XCBuildConfiguration;
			buildSettings = {
				ALWAYS_SEARCH_USER_PATHS = NO;
				CLANG_ANALYZER_NONNULL = YES;
				CLANG_ANALYZER_NUMBER_OBJECT_CONVERSION = YES_AGGRESSIVE;
				CLANG_CXX_LANGUAGE_STANDARD = "gnu++20";
				CLANG_ENABLE_MODULES = YES;
				CLANG_ENABLE_OBJC_ARC = YES;
				CLANG_ENABLE_OBJC_WEAK = YES;
				CLANG_WARN_BLOCK_CAPTURE_AUTORELEASING = YES;
				CLANG_WARN_BOOL_CONVERSION = YES;
				CLANG_WARN_COMMA = YES;
				CLANG_WARN_CONSTANT_CONVERSION = YES;
				CLANG_WARN_DEPRECATED_OBJC_IMPLEMENTATIONS = YES;
				CLANG_WARN_DIRECT_OBJC_ISA_USAGE = YES_ERROR;
				CLANG_WARN_DOCUMENTATION_COMMENTS = YES;
				CLANG_WARN_EMPTY_BODY = YES;
				CLANG_WARN_ENUM_CONVERSION = YES;
				CLANG_WARN_INFINITE_RECURSION = YES;
				CLANG_WARN_INT_CONVERSION = YES;
				CLANG_WARN_NON_LITERAL_NULL_CONVERSION = YES;
				CLANG_WARN_OBJC_IMPLICIT_RETAIN_SELF = YES;
				CLANG_WARN_OBJC_LITERAL_CONVERSION = YES;
				CLANG_WARN_OBJC_ROOT_CLASS = YES_ERROR;
				CLANG_WARN_QUOTED_INCLUDE_IN_FRAMEWORK_HEADER = YES;
				CLANG_WARN_RANGE_LOOP_ANALYSIS = YES;
				CLANG_WARN_STRICT_PROTOTYPES = YES;
				CLANG_WARN_SUSPICIOUS_MOVE = YES;
				CLANG_WARN_UNGUARDED_AVAILABILITY = YES_AGGRESSIVE;
				CLANG_WARN_UNREACHABLE_CODE = YES;
				CLANG_WARN__DUPLICATE_METHOD_MATCH = YES;
				COPY_PHASE_STRIP = NO;
				DEBUG_INFORMATION_FORMAT = "dwarf-with-dsym";
				ENABLE_NS_ASSERTIONS = NO;
				ENABLE_STRICT_OBJC_MSGSEND = YES;
				GCC_C_LANGUAGE_STANDARD = gnu11;
				GCC_NO_COMMON_BLOCKS = YES;
				GCC_WARN_64_TO_32_BIT_CONVERSION = YES;
				GCC_WARN_ABOUT_RETURN_TYPE = YES_ERROR;
				GCC_WARN_UNDECLARED_SELECTOR = YES;
				GCC_WARN_UNINITIALIZED_AUTOS = YES_AGGRESSIVE;
				GCC_WARN_UNUSED_FUNCTION = YES;
				GCC_WARN_UNUSED_VARIABLE = YES;
				IPHONEOS_DEPLOYMENT_TARGET = 16.4;
				MTL_ENABLE_DEBUG_INFO = NO;
				MTL_FAST_MATH = YES;
				SDKROOT = iphoneos;
				SWIFT_COMPILATION_MODE = wholemodule;
				SWIFT_OPTIMIZATION_LEVEL = "-O";
				VALIDATE_PRODUCT = YES;
			};
			name = Release;
		};
		A29EB6F22A0AB474003A205D /* Debug */ = {
			isa = XCBuildConfiguration;
			buildSettings = {
				ASSETCATALOG_COMPILER_APPICON_NAME = AppIcon;
				ASSETCATALOG_COMPILER_GLOBAL_ACCENT_COLOR_NAME = AccentColor;
				CODE_SIGN_STYLE = Automatic;
				CURRENT_PROJECT_VERSION = 1;
				GENERATE_INFOPLIST_FILE = YES;
				INFOPLIST_FILE = Cinevol2/Info.plist;
				INFOPLIST_KEY_UIApplicationSupportsIndirectInputEvents = YES;
				INFOPLIST_KEY_UILaunchStoryboardName = LaunchScreen;
				INFOPLIST_KEY_UIMainStoryboardFile = Main;
				INFOPLIST_KEY_UISupportedInterfaceOrientations_iPad = "UIInterfaceOrientationPortrait UIInterfaceOrientationPortraitUpsideDown UIInterfaceOrientationLandscapeLeft UIInterfaceOrientationLandscapeRight";
				INFOPLIST_KEY_UISupportedInterfaceOrientations_iPhone = "UIInterfaceOrientationPortrait UIInterfaceOrientationLandscapeLeft UIInterfaceOrientationLandscapeRight";
				LD_RUNPATH_SEARCH_PATHS = (
					"$(inherited)",
					"@executable_path/Frameworks",
				);
				MARKETING_VERSION = 1.0;
				PRODUCT_BUNDLE_IDENTIFIER = viridibabidibu.Cinevol2;
				PRODUCT_NAME = "$(TARGET_NAME)";
				SWIFT_EMIT_LOC_STRINGS = YES;
				SWIFT_VERSION = 5.0;
				TARGETED_DEVICE_FAMILY = "1,2";
			};
			name = Debug;
		};
		A29EB6F32A0AB474003A205D /* Release */ = {
			isa = XCBuildConfiguration;
			buildSettings = {
				ASSETCATALOG_COMPILER_APPICON_NAME = AppIcon;
				ASSETCATALOG_COMPILER_GLOBAL_ACCENT_COLOR_NAME = AccentColor;
				CODE_SIGN_STYLE = Automatic;
				CURRENT_PROJECT_VERSION = 1;
				GENERATE_INFOPLIST_FILE = YES;
				INFOPLIST_FILE = Cinevol2/Info.plist;
				INFOPLIST_KEY_UIApplicationSupportsIndirectInputEvents = YES;
				INFOPLIST_KEY_UILaunchStoryboardName = LaunchScreen;
				INFOPLIST_KEY_UIMainStoryboardFile = Main;
				INFOPLIST_KEY_UISupportedInterfaceOrientations_iPad = "UIInterfaceOrientationPortrait UIInterfaceOrientationPortraitUpsideDown UIInterfaceOrientationLandscapeLeft UIInterfaceOrientationLandscapeRight";
				INFOPLIST_KEY_UISupportedInterfaceOrientations_iPhone = "UIInterfaceOrientationPortrait UIInterfaceOrientationLandscapeLeft UIInterfaceOrientationLandscapeRight";
				LD_RUNPATH_SEARCH_PATHS = (
					"$(inherited)",
					"@executable_path/Frameworks",
				);
				MARKETING_VERSION = 1.0;
				PRODUCT_BUNDLE_IDENTIFIER = viridibabidibu.Cinevol2;
				PRODUCT_NAME = "$(TARGET_NAME)";
				SWIFT_EMIT_LOC_STRINGS = YES;
				SWIFT_VERSION = 5.0;
				TARGETED_DEVICE_FAMILY = "1,2";
			};
			name = Release;
		};
/* End XCBuildConfiguration section */

/* Begin XCConfigurationList section */
		A29EB6D82A0AB473003A205D /* Build configuration list for PBXProject "Cinevol2" */ = {
			isa = XCConfigurationList;
			buildConfigurations = (
				A29EB6EF2A0AB474003A205D /* Debug */,
				A29EB6F02A0AB474003A205D /* Release */,
			);
			defaultConfigurationIsVisible = 0;
			defaultConfigurationName = Release;
		};
		A29EB6F12A0AB474003A205D /* Build configuration list for PBXNativeTarget "Cinevol2" */ = {
			isa = XCConfigurationList;
			buildConfigurations = (
				A29EB6F22A0AB474003A205D /* Debug */,
				A29EB6F32A0AB474003A205D /* Release */,
			);
			defaultConfigurationIsVisible = 0;
			defaultConfigurationName = Release;
		};
/* End XCConfigurationList section */
	};
	rootObject = A29EB6D52A0AB473003A205D /* Project object */;
}
